
Microsoft Visual Studio Solution File, Format Version 12.00
# Visual Studio Version 17
VisualStudioVersion = 17.8.34525.116
MinimumVisualStudioVersion = 10.0.40219.1
Project("{FAE04EC0-301F-11D3-BF4B-00C04F79EFBC}") = "Document", "Document\Document.csproj", "{D6C9F6F0-883A-4F2A-956F-DAED76C58CD7}"
EndProject
Global
	GlobalSection(SolutionConfigurationPlatforms) = preSolution
		Debug|Any CPU = Debug|Any CPU
		Release|Any CPU = Release|Any CPU
	EndGlobalSection
	GlobalSection(ProjectConfigurationPlatforms) = postSolution
		{D6C9F6F0-883A-4F2A-956F-DAED76C58CD7}.Debug|Any CPU.ActiveCfg = Debug|Any CPU
		{D6C9F6F0-883A-4F2A-956F-DAED76C58CD7}.Debug|Any CPU.Build.0 = Debug|Any CPU
		{D6C9F6F0-883A-4F2A-956F-DAED76C58CD7}.Release|Any CPU.ActiveCfg = Release|Any CPU
		{D6C9F6F0-883A-4F2A-956F-DAED76C58CD7}.Release|Any CPU.Build.0 = Release|Any CPU
	EndGlobalSection
	GlobalSection(SolutionProperties) = preSolution
		HideSolutionNode = FALSE
	EndGlobalSection
	GlobalSection(ExtensibilityGlobals) = postSolution
		SolutionGuid = {E5562523-109C-41D0-A675-3A03CAE544A8}
	EndGlobalSection
EndGlobal
